// !$*UTF8*$!
{
	archiveVersion = 1;
	classes = {
	};
	objectVersion = 56;
	objects = {

/* Begin PBXBuildFile section */
		04523D912B95DD3400C5D0C9 /* AppDelegate.swift in Sources */ = {isa = PBXBuildFile; fileRef = 04523D902B95DD3400C5D0C9 /* AppDelegate.swift */; };
		04523D932B95DD3400C5D0C9 /* SceneDelegate.swift in Sources */ = {isa = PBXBuildFile; fileRef = 04523D922B95DD3400C5D0C9 /* SceneDelegate.swift */; };
		04523D952B95DD3400C5D0C9 /* MainPageVC.swift in Sources */ = {isa = PBXBuildFile; fileRef = 04523D942B95DD3400C5D0C9 /* MainPageVC.swift */; };
		04523D9A2B95DD3600C5D0C9 /* Assets.xcassets in Resources */ = {isa = PBXBuildFile; fileRef = 04523D992B95DD3600C5D0C9 /* Assets.xcassets */; };
		04523D9D2B95DD3600C5D0C9 /* LaunchScreen.storyboard in Resources */ = {isa = PBXBuildFile; fileRef = 04523D9B2B95DD3600C5D0C9 /* LaunchScreen.storyboard */; };
		04523DB22B95DD3700C5D0C9 /* AmaniCaseAppUITests.swift in Sources */ = {isa = PBXBuildFile; fileRef = 04523DB12B95DD3700C5D0C9 /* AmaniCaseAppUITests.swift */; };
		04523DB42B95DD3700C5D0C9 /* AmaniCaseAppUITestsLaunchTests.swift in Sources */ = {isa = PBXBuildFile; fileRef = 04523DB32B95DD3700C5D0C9 /* AmaniCaseAppUITestsLaunchTests.swift */; };
		04523DC12B95E09F00C5D0C9 /* ListPageVC.swift in Sources */ = {isa = PBXBuildFile; fileRef = 04523DC02B95E09F00C5D0C9 /* ListPageVC.swift */; };
		04523DC82B95E53300C5D0C9 /* SnapKit in Frameworks */ = {isa = PBXBuildFile; productRef = 04523DC72B95E53300C5D0C9 /* SnapKit */; };
		04523DCD2B95E63400C5D0C9 /* CustomTableViewCell.swift in Sources */ = {isa = PBXBuildFile; fileRef = 04523DCC2B95E63400C5D0C9 /* CustomTableViewCell.swift */; };
		04523DCF2B95E9D900C5D0C9 /* NetworkManager.swift in Sources */ = {isa = PBXBuildFile; fileRef = 04523DCE2B95E9D900C5D0C9 /* NetworkManager.swift */; };
		04523DD12B95E9E000C5D0C9 /* Helper.swift in Sources */ = {isa = PBXBuildFile; fileRef = 04523DD02B95E9E000C5D0C9 /* Helper.swift */; };
		04523DD42B95F23700C5D0C9 /* UserContent.swift in Sources */ = {isa = PBXBuildFile; fileRef = 04523DD32B95F23700C5D0C9 /* UserContent.swift */; };
		04523DD62B95F33A00C5D0C9 /* ListPageVM.swift in Sources */ = {isa = PBXBuildFile; fileRef = 04523DD52B95F33A00C5D0C9 /* ListPageVM.swift */; };
		04523DD82B95F35000C5D0C9 /* MainPageVM.swift in Sources */ = {isa = PBXBuildFile; fileRef = 04523DD72B95F35000C5D0C9 /* MainPageVM.swift */; };
		04523DDB2B95F39E00C5D0C9 /* RequestUserContent.swift in Sources */ = {isa = PBXBuildFile; fileRef = 04523DDA2B95F39E00C5D0C9 /* RequestUserContent.swift */; };
		04523DDD2B95FFFB00C5D0C9 /* StringConstants.swift in Sources */ = {isa = PBXBuildFile; fileRef = 04523DDC2B95FFFB00C5D0C9 /* StringConstants.swift */; };
		04523DE02B96018700C5D0C9 /* DetailPageVC.swift in Sources */ = {isa = PBXBuildFile; fileRef = 04523DDF2B96018700C5D0C9 /* DetailPageVC.swift */; };
		04523DE32B9655B600C5D0C9 /* Kingfisher in Frameworks */ = {isa = PBXBuildFile; productRef = 04523DE22B9655B600C5D0C9 /* Kingfisher */; };
		04523DE52B97042600C5D0C9 /* DetailPageVM.swift in Sources */ = {isa = PBXBuildFile; fileRef = 04523DE42B97042600C5D0C9 /* DetailPageVM.swift */; };
		04523DE72B97A63B00C5D0C9 /* EndPointTest.swift in Sources */ = {isa = PBXBuildFile; fileRef = 04523DE62B97A63B00C5D0C9 /* EndPointTest.swift */; };
		04523DFE2B97B5D100C5D0C9 /* MainPageVMTest.swift in Sources */ = {isa = PBXBuildFile; fileRef = 04523DFD2B97B5D100C5D0C9 /* MainPageVMTest.swift */; };
		04523E022B97BFCA00C5D0C9 /* UserRequestContent.swift in Sources */ = {isa = PBXBuildFile; fileRef = 04523E012B97BFCA00C5D0C9 /* UserRequestContent.swift */; };
		04523E042B97BFFC00C5D0C9 /* ListPageVMTest.swift in Sources */ = {isa = PBXBuildFile; fileRef = 04523E032B97BFFC00C5D0C9 /* ListPageVMTest.swift */; };
		04523E062B97C6C000C5D0C9 /* DetailPageVMTest.swift in Sources */ = {isa = PBXBuildFile; fileRef = 04523E052B97C6C000C5D0C9 /* DetailPageVMTest.swift */; };
		04523E092B97CBA300C5D0C9 /* MainPageViewControllerTest.swift in Sources */ = {isa = PBXBuildFile; fileRef = 04523E082B97CBA300C5D0C9 /* MainPageViewControllerTest.swift */; };
		04523E0B2B98479E00C5D0C9 /* MockMainPageVM.swift in Sources */ = {isa = PBXBuildFile; fileRef = 04523E0A2B98479E00C5D0C9 /* MockMainPageVM.swift */; };
		04523E122B98567900C5D0C9 /* MockListPageVM.swift in Sources */ = {isa = PBXBuildFile; fileRef = 04523E112B98567900C5D0C9 /* MockListPageVM.swift */; };
		04523E152B985D0D00C5D0C9 /* CustomTableViewCellTest.swift in Sources */ = {isa = PBXBuildFile; fileRef = 04523E142B985D0D00C5D0C9 /* CustomTableViewCellTest.swift */; };
		04523E172B985D8200C5D0C9 /* MockTableViewDataSource.swift in Sources */ = {isa = PBXBuildFile; fileRef = 04523E162B985D8200C5D0C9 /* MockTableViewDataSource.swift */; };
		04523E192B985F2600C5D0C9 /* MockNetworkManager.swift in Sources */ = {isa = PBXBuildFile; fileRef = 04523E182B985F2600C5D0C9 /* MockNetworkManager.swift */; };
		04523E1D2B9862E500C5D0C9 /* MockURLSession.swift in Sources */ = {isa = PBXBuildFile; fileRef = 04523E1C2B9862E500C5D0C9 /* MockURLSession.swift */; };
		04523E1F2B98632500C5D0C9 /* NetworkManager.swift in Sources */ = {isa = PBXBuildFile; fileRef = 04523E1E2B98632500C5D0C9 /* NetworkManager.swift */; };
/* End PBXBuildFile section */

/* Begin PBXContainerItemProxy section */
		04523DA42B95DD3700C5D0C9 /* PBXContainerItemProxy */ = {
			isa = PBXContainerItemProxy;
			containerPortal = 04523D852B95DD3400C5D0C9 /* Project object */;
			proxyType = 1;
			remoteGlobalIDString = 04523D8C2B95DD3400C5D0C9;
			remoteInfo = AmaniCaseApp;
		};
		04523DAE2B95DD3700C5D0C9 /* PBXContainerItemProxy */ = {
			isa = PBXContainerItemProxy;
			containerPortal = 04523D852B95DD3400C5D0C9 /* Project object */;
			proxyType = 1;
			remoteGlobalIDString = 04523D8C2B95DD3400C5D0C9;
			remoteInfo = AmaniCaseApp;
		};
/* End PBXContainerItemProxy section */

/* Begin PBXFileReference section */
		04523D8D2B95DD3400C5D0C9 /* AmaniCaseApp.app */ = {isa = PBXFileReference; explicitFileType = wrapper.application; includeInIndex = 0; path = AmaniCaseApp.app; sourceTree = BUILT_PRODUCTS_DIR; };
		04523D902B95DD3400C5D0C9 /* AppDelegate.swift */ = {isa = PBXFileReference; lastKnownFileType = sourcecode.swift; path = AppDelegate.swift; sourceTree = "<group>"; };
		04523D922B95DD3400C5D0C9 /* SceneDelegate.swift */ = {isa = PBXFileReference; lastKnownFileType = sourcecode.swift; path = SceneDelegate.swift; sourceTree = "<group>"; };
		04523D942B95DD3400C5D0C9 /* MainPageVC.swift */ = {isa = PBXFileReference; lastKnownFileType = sourcecode.swift; path = MainPageVC.swift; sourceTree = "<group>"; };
		04523D992B95DD3600C5D0C9 /* Assets.xcassets */ = {isa = PBXFileReference; lastKnownFileType = folder.assetcatalog; path = Assets.xcassets; sourceTree = "<group>"; };
		04523D9C2B95DD3600C5D0C9 /* Base */ = {isa = PBXFileReference; lastKnownFileType = file.storyboard; name = Base; path = Base.lproj/LaunchScreen.storyboard; sourceTree = "<group>"; };
		04523D9E2B95DD3600C5D0C9 /* Info.plist */ = {isa = PBXFileReference; lastKnownFileType = text.plist.xml; path = Info.plist; sourceTree = "<group>"; };
		04523DA32B95DD3700C5D0C9 /* AmaniCaseAppTests.xctest */ = {isa = PBXFileReference; explicitFileType = wrapper.cfbundle; includeInIndex = 0; path = AmaniCaseAppTests.xctest; sourceTree = BUILT_PRODUCTS_DIR; };
		04523DAD2B95DD3700C5D0C9 /* AmaniCaseAppUITests.xctest */ = {isa = PBXFileReference; explicitFileType = wrapper.cfbundle; includeInIndex = 0; path = AmaniCaseAppUITests.xctest; sourceTree = BUILT_PRODUCTS_DIR; };
		04523DB12B95DD3700C5D0C9 /* AmaniCaseAppUITests.swift */ = {isa = PBXFileReference; lastKnownFileType = sourcecode.swift; path = AmaniCaseAppUITests.swift; sourceTree = "<group>"; };
		04523DB32B95DD3700C5D0C9 /* AmaniCaseAppUITestsLaunchTests.swift */ = {isa = PBXFileReference; lastKnownFileType = sourcecode.swift; path = AmaniCaseAppUITestsLaunchTests.swift; sourceTree = "<group>"; };
		04523DC02B95E09F00C5D0C9 /* ListPageVC.swift */ = {isa = PBXFileReference; lastKnownFileType = sourcecode.swift; path = ListPageVC.swift; sourceTree = "<group>"; };
		04523DCC2B95E63400C5D0C9 /* CustomTableViewCell.swift */ = {isa = PBXFileReference; lastKnownFileType = sourcecode.swift; path = CustomTableViewCell.swift; sourceTree = "<group>"; };
		04523DCE2B95E9D900C5D0C9 /* NetworkManager.swift */ = {isa = PBXFileReference; lastKnownFileType = sourcecode.swift; path = NetworkManager.swift; sourceTree = "<group>"; };
		04523DD02B95E9E000C5D0C9 /* Helper.swift */ = {isa = PBXFileReference; lastKnownFileType = sourcecode.swift; path = Helper.swift; sourceTree = "<group>"; };
		04523DD32B95F23700C5D0C9 /* UserContent.swift */ = {isa = PBXFileReference; lastKnownFileType = sourcecode.swift; path = UserContent.swift; sourceTree = "<group>"; };
		04523DD52B95F33A00C5D0C9 /* ListPageVM.swift */ = {isa = PBXFileReference; lastKnownFileType = sourcecode.swift; path = ListPageVM.swift; sourceTree = "<group>"; };
		04523DD72B95F35000C5D0C9 /* MainPageVM.swift */ = {isa = PBXFileReference; lastKnownFileType = sourcecode.swift; path = MainPageVM.swift; sourceTree = "<group>"; };
		04523DDA2B95F39E00C5D0C9 /* RequestUserContent.swift */ = {isa = PBXFileReference; lastKnownFileType = sourcecode.swift; path = RequestUserContent.swift; sourceTree = "<group>"; };
		04523DDC2B95FFFB00C5D0C9 /* StringConstants.swift */ = {isa = PBXFileReference; lastKnownFileType = sourcecode.swift; path = StringConstants.swift; sourceTree = "<group>"; };
		04523DDF2B96018700C5D0C9 /* DetailPageVC.swift */ = {isa = PBXFileReference; lastKnownFileType = sourcecode.swift; path = DetailPageVC.swift; sourceTree = "<group>"; };
		04523DE42B97042600C5D0C9 /* DetailPageVM.swift */ = {isa = PBXFileReference; lastKnownFileType = sourcecode.swift; path = DetailPageVM.swift; sourceTree = "<group>"; };
		04523DE62B97A63B00C5D0C9 /* EndPointTest.swift */ = {isa = PBXFileReference; lastKnownFileType = sourcecode.swift; path = EndPointTest.swift; sourceTree = "<group>"; };
		04523DFD2B97B5D100C5D0C9 /* MainPageVMTest.swift */ = {isa = PBXFileReference; lastKnownFileType = sourcecode.swift; path = MainPageVMTest.swift; sourceTree = "<group>"; };
		04523E012B97BFCA00C5D0C9 /* UserRequestContent.swift */ = {isa = PBXFileReference; lastKnownFileType = sourcecode.swift; path = UserRequestContent.swift; sourceTree = "<group>"; };
		04523E032B97BFFC00C5D0C9 /* ListPageVMTest.swift */ = {isa = PBXFileReference; lastKnownFileType = sourcecode.swift; path = ListPageVMTest.swift; sourceTree = "<group>"; };
		04523E052B97C6C000C5D0C9 /* DetailPageVMTest.swift */ = {isa = PBXFileReference; lastKnownFileType = sourcecode.swift; path = DetailPageVMTest.swift; sourceTree = "<group>"; };
		04523E082B97CBA300C5D0C9 /* MainPageViewControllerTest.swift */ = {isa = PBXFileReference; lastKnownFileType = sourcecode.swift; path = MainPageViewControllerTest.swift; sourceTree = "<group>"; };
		04523E0A2B98479E00C5D0C9 /* MockMainPageVM.swift */ = {isa = PBXFileReference; lastKnownFileType = sourcecode.swift; path = MockMainPageVM.swift; sourceTree = "<group>"; };
		04523E112B98567900C5D0C9 /* MockListPageVM.swift */ = {isa = PBXFileReference; lastKnownFileType = sourcecode.swift; path = MockListPageVM.swift; sourceTree = "<group>"; };
		04523E142B985D0D00C5D0C9 /* CustomTableViewCellTest.swift */ = {isa = PBXFileReference; lastKnownFileType = sourcecode.swift; path = CustomTableViewCellTest.swift; sourceTree = "<group>"; };
		04523E162B985D8200C5D0C9 /* MockTableViewDataSource.swift */ = {isa = PBXFileReference; lastKnownFileType = sourcecode.swift; path = MockTableViewDataSource.swift; sourceTree = "<group>"; };
		04523E182B985F2600C5D0C9 /* MockNetworkManager.swift */ = {isa = PBXFileReference; lastKnownFileType = sourcecode.swift; path = MockNetworkManager.swift; sourceTree = "<group>"; };
		04523E1C2B9862E500C5D0C9 /* MockURLSession.swift */ = {isa = PBXFileReference; lastKnownFileType = sourcecode.swift; path = MockURLSession.swift; sourceTree = "<group>"; };
		04523E1E2B98632500C5D0C9 /* NetworkManager.swift */ = {isa = PBXFileReference; lastKnownFileType = sourcecode.swift; path = NetworkManager.swift; sourceTree = "<group>"; };
/* End PBXFileReference section */

/* Begin PBXFrameworksBuildPhase section */
		04523D8A2B95DD3400C5D0C9 /* Frameworks */ = {
			isa = PBXFrameworksBuildPhase;
			buildActionMask = 2147483647;
			files = (
				04523DE32B9655B600C5D0C9 /* Kingfisher in Frameworks */,
				04523DC82B95E53300C5D0C9 /* SnapKit in Frameworks */,
			);
			runOnlyForDeploymentPostprocessing = 0;
		};
		04523DA02B95DD3700C5D0C9 /* Frameworks */ = {
			isa = PBXFrameworksBuildPhase;
			buildActionMask = 2147483647;
			files = (
			);
			runOnlyForDeploymentPostprocessing = 0;
		};
		04523DAA2B95DD3700C5D0C9 /* Frameworks */ = {
			isa = PBXFrameworksBuildPhase;
			buildActionMask = 2147483647;
			files = (
			);
			runOnlyForDeploymentPostprocessing = 0;
		};
/* End PBXFrameworksBuildPhase section */

/* Begin PBXGroup section */
		04523D842B95DD3400C5D0C9 = {
			isa = PBXGroup;
			children = (
				04523D8F2B95DD3400C5D0C9 /* AmaniCaseApp */,
				04523DA62B95DD3700C5D0C9 /* AmaniCaseAppTests */,
				04523DB02B95DD3700C5D0C9 /* AmaniCaseAppUITests */,
				04523D8E2B95DD3400C5D0C9 /* Products */,
			);
			sourceTree = "<group>";
		};
		04523D8E2B95DD3400C5D0C9 /* Products */ = {
			isa = PBXGroup;
			children = (
				04523D8D2B95DD3400C5D0C9 /* AmaniCaseApp.app */,
				04523DA32B95DD3700C5D0C9 /* AmaniCaseAppTests.xctest */,
				04523DAD2B95DD3700C5D0C9 /* AmaniCaseAppUITests.xctest */,
			);
			name = Products;
			sourceTree = "<group>";
		};
		04523D8F2B95DD3400C5D0C9 /* AmaniCaseApp */ = {
			isa = PBXGroup;
			children = (
				04523DF52B97ADAA00C5D0C9 /* Extension */,
				04523DD22B95F21A00C5D0C9 /* Model */,
				04523DC52B95E1C100C5D0C9 /* Constants */,
				04523DC42B95E1B900C5D0C9 /* Screen */,
				04523DC32B95E1AB00C5D0C9 /* Service */,
				04523DC22B95E19900C5D0C9 /* Support */,
				04523D9E2B95DD3600C5D0C9 /* Info.plist */,
			);
			path = AmaniCaseApp;
			sourceTree = "<group>";
		};
		04523DA62B95DD3700C5D0C9 /* AmaniCaseAppTests */ = {
			isa = PBXGroup;
			children = (
				04523E132B985CFD00C5D0C9 /* TableView */,
				04523E0C2B9850F400C5D0C9 /* Mock */,
				04523E072B97CAEF00C5D0C9 /* ViewController */,
				04523DFF2B97B5F400C5D0C9 /* ViewModel */,
				04523DE92B97A96700C5D0C9 /* Service */,
			);
			path = AmaniCaseAppTests;
			sourceTree = "<group>";
		};
		04523DB02B95DD3700C5D0C9 /* AmaniCaseAppUITests */ = {
			isa = PBXGroup;
			children = (
				04523DB12B95DD3700C5D0C9 /* AmaniCaseAppUITests.swift */,
				04523DB32B95DD3700C5D0C9 /* AmaniCaseAppUITestsLaunchTests.swift */,
			);
			path = AmaniCaseAppUITests;
			sourceTree = "<group>";
		};
		04523DC22B95E19900C5D0C9 /* Support */ = {
			isa = PBXGroup;
			children = (
				04523D902B95DD3400C5D0C9 /* AppDelegate.swift */,
				04523D922B95DD3400C5D0C9 /* SceneDelegate.swift */,
				04523D992B95DD3600C5D0C9 /* Assets.xcassets */,
				04523D9B2B95DD3600C5D0C9 /* LaunchScreen.storyboard */,
			);
			path = Support;
			sourceTree = "<group>";
		};
		04523DC32B95E1AB00C5D0C9 /* Service */ = {
			isa = PBXGroup;
			children = (
				04523DD92B95F38A00C5D0C9 /* Layer */,
				04523DCE2B95E9D900C5D0C9 /* NetworkManager.swift */,
				04523DD02B95E9E000C5D0C9 /* Helper.swift */,
			);
			path = Service;
			sourceTree = "<group>";
		};
		04523DC42B95E1B900C5D0C9 /* Screen */ = {
			isa = PBXGroup;
			children = (
				04523DDE2B96014800C5D0C9 /* DetailPage */,
				04523DCA2B95E60700C5D0C9 /* ListPage */,
				04523DC92B95E5FD00C5D0C9 /* MainPage */,
			);
			path = Screen;
			sourceTree = "<group>";
		};
		04523DC52B95E1C100C5D0C9 /* Constants */ = {
			isa = PBXGroup;
			children = (
				04523DDC2B95FFFB00C5D0C9 /* StringConstants.swift */,
			);
			path = Constants;
			sourceTree = "<group>";
		};
		04523DC92B95E5FD00C5D0C9 /* MainPage */ = {
			isa = PBXGroup;
			children = (
				04523D942B95DD3400C5D0C9 /* MainPageVC.swift */,
				04523DD72B95F35000C5D0C9 /* MainPageVM.swift */,
			);
			path = MainPage;
			sourceTree = "<group>";
		};
		04523DCA2B95E60700C5D0C9 /* ListPage */ = {
			isa = PBXGroup;
			children = (
				04523DCB2B95E61400C5D0C9 /* CustomTableViewCell */,
				04523DC02B95E09F00C5D0C9 /* ListPageVC.swift */,
				04523DD52B95F33A00C5D0C9 /* ListPageVM.swift */,
			);
			path = ListPage;
			sourceTree = "<group>";
		};
		04523DCB2B95E61400C5D0C9 /* CustomTableViewCell */ = {
			isa = PBXGroup;
			children = (
				04523DCC2B95E63400C5D0C9 /* CustomTableViewCell.swift */,
			);
			path = CustomTableViewCell;
			sourceTree = "<group>";
		};
		04523DD22B95F21A00C5D0C9 /* Model */ = {
			isa = PBXGroup;
			children = (
				04523DD32B95F23700C5D0C9 /* UserContent.swift */,
			);
			path = Model;
			sourceTree = "<group>";
		};
		04523DD92B95F38A00C5D0C9 /* Layer */ = {
			isa = PBXGroup;
			children = (
				04523DDA2B95F39E00C5D0C9 /* RequestUserContent.swift */,
			);
			path = Layer;
			sourceTree = "<group>";
		};
		04523DDE2B96014800C5D0C9 /* DetailPage */ = {
			isa = PBXGroup;
			children = (
				04523DDF2B96018700C5D0C9 /* DetailPageVC.swift */,
				04523DE42B97042600C5D0C9 /* DetailPageVM.swift */,
			);
			path = DetailPage;
			sourceTree = "<group>";
		};
		04523DE82B97A76F00C5D0C9 /* Helper */ = {
			isa = PBXGroup;
			children = (
				04523DE62B97A63B00C5D0C9 /* EndPointTest.swift */,
			);
			path = Helper;
			sourceTree = "<group>";
		};
		04523DE92B97A96700C5D0C9 /* Service */ = {
			isa = PBXGroup;
			children = (
				04523E202B98675500C5D0C9 /* NetoworkManager */,
				04523E002B97BFB100C5D0C9 /* UserRequestContent */,
				04523DE82B97A76F00C5D0C9 /* Helper */,
			);
			path = Service;
			sourceTree = "<group>";
		};
		04523DF52B97ADAA00C5D0C9 /* Extension */ = {
			isa = PBXGroup;
			children = (
			);
			path = Extension;
			sourceTree = "<group>";
		};
		04523DFF2B97B5F400C5D0C9 /* ViewModel */ = {
			isa = PBXGroup;
			children = (
				04523DFD2B97B5D100C5D0C9 /* MainPageVMTest.swift */,
				04523E032B97BFFC00C5D0C9 /* ListPageVMTest.swift */,
				04523E052B97C6C000C5D0C9 /* DetailPageVMTest.swift */,
			);
			path = ViewModel;
			sourceTree = "<group>";
		};
		04523E002B97BFB100C5D0C9 /* UserRequestContent */ = {
			isa = PBXGroup;
			children = (
				04523E012B97BFCA00C5D0C9 /* UserRequestContent.swift */,
			);
			path = UserRequestContent;
			sourceTree = "<group>";
		};
		04523E072B97CAEF00C5D0C9 /* ViewController */ = {
			isa = PBXGroup;
			children = (
				04523E082B97CBA300C5D0C9 /* MainPageViewControllerTest.swift */,
			);
			path = ViewController;
			sourceTree = "<group>";
		};
		04523E0C2B9850F400C5D0C9 /* Mock */ = {
			isa = PBXGroup;
			children = (
				04523E0A2B98479E00C5D0C9 /* MockMainPageVM.swift */,
				04523E112B98567900C5D0C9 /* MockListPageVM.swift */,
				04523E162B985D8200C5D0C9 /* MockTableViewDataSource.swift */,
				04523E182B985F2600C5D0C9 /* MockNetworkManager.swift */,
				04523E1C2B9862E500C5D0C9 /* MockURLSession.swift */,
			);
			path = Mock;
			sourceTree = "<group>";
		};
		04523E132B985CFD00C5D0C9 /* TableView */ = {
			isa = PBXGroup;
			children = (
				04523E142B985D0D00C5D0C9 /* CustomTableViewCellTest.swift */,
			);
			path = TableView;
			sourceTree = "<group>";
		};
		04523E202B98675500C5D0C9 /* NetoworkManager */ = {
			isa = PBXGroup;
			children = (
				04523E1E2B98632500C5D0C9 /* NetworkManager.swift */,
			);
			path = NetoworkManager;
			sourceTree = "<group>";
		};
/* End PBXGroup section */

/* Begin PBXNativeTarget section */
		04523D8C2B95DD3400C5D0C9 /* AmaniCaseApp */ = {
			isa = PBXNativeTarget;
			buildConfigurationList = 04523DB72B95DD3700C5D0C9 /* Build configuration list for PBXNativeTarget "AmaniCaseApp" */;
			buildPhases = (
				04523D892B95DD3400C5D0C9 /* Sources */,
				04523D8A2B95DD3400C5D0C9 /* Frameworks */,
				04523D8B2B95DD3400C5D0C9 /* Resources */,
			);
			buildRules = (
			);
			dependencies = (
			);
			name = AmaniCaseApp;
			packageProductDependencies = (
				04523DC72B95E53300C5D0C9 /* SnapKit */,
				04523DE22B9655B600C5D0C9 /* Kingfisher */,
			);
			productName = AmaniCaseApp;
			productReference = 04523D8D2B95DD3400C5D0C9 /* AmaniCaseApp.app */;
			productType = "com.apple.product-type.application";
		};
		04523DA22B95DD3700C5D0C9 /* AmaniCaseAppTests */ = {
			isa = PBXNativeTarget;
			buildConfigurationList = 04523DBA2B95DD3700C5D0C9 /* Build configuration list for PBXNativeTarget "AmaniCaseAppTests" */;
			buildPhases = (
				04523D9F2B95DD3700C5D0C9 /* Sources */,
				04523DA02B95DD3700C5D0C9 /* Frameworks */,
				04523DA12B95DD3700C5D0C9 /* Resources */,
			);
			buildRules = (
			);
			dependencies = (
				04523DA52B95DD3700C5D0C9 /* PBXTargetDependency */,
			);
			name = AmaniCaseAppTests;
			productName = AmaniCaseAppTests;
			productReference = 04523DA32B95DD3700C5D0C9 /* AmaniCaseAppTests.xctest */;
			productType = "com.apple.product-type.bundle.unit-test";
		};
		04523DAC2B95DD3700C5D0C9 /* AmaniCaseAppUITests */ = {
			isa = PBXNativeTarget;
			buildConfigurationList = 04523DBD2B95DD3700C5D0C9 /* Build configuration list for PBXNativeTarget "AmaniCaseAppUITests" */;
			buildPhases = (
				04523DA92B95DD3700C5D0C9 /* Sources */,
				04523DAA2B95DD3700C5D0C9 /* Frameworks */,
				04523DAB2B95DD3700C5D0C9 /* Resources */,
			);
			buildRules = (
			);
			dependencies = (
				04523DAF2B95DD3700C5D0C9 /* PBXTargetDependency */,
			);
			name = AmaniCaseAppUITests;
			productName = AmaniCaseAppUITests;
			productReference = 04523DAD2B95DD3700C5D0C9 /* AmaniCaseAppUITests.xctest */;
			productType = "com.apple.product-type.bundle.ui-testing";
		};
/* End PBXNativeTarget section */

/* Begin PBXProject section */
		04523D852B95DD3400C5D0C9 /* Project object */ = {
			isa = PBXProject;
			attributes = {
				BuildIndependentTargetsInParallel = 1;
				LastSwiftUpdateCheck = 1510;
				LastUpgradeCheck = 1510;
				TargetAttributes = {
					04523D8C2B95DD3400C5D0C9 = {
						CreatedOnToolsVersion = 15.1;
					};
					04523DA22B95DD3700C5D0C9 = {
						CreatedOnToolsVersion = 15.1;
						TestTargetID = 04523D8C2B95DD3400C5D0C9;
					};
					04523DAC2B95DD3700C5D0C9 = {
						CreatedOnToolsVersion = 15.1;
						TestTargetID = 04523D8C2B95DD3400C5D0C9;
					};
				};
			};
			buildConfigurationList = 04523D882B95DD3400C5D0C9 /* Build configuration list for PBXProject "AmaniCaseApp" */;
			compatibilityVersion = "Xcode 14.0";
			developmentRegion = en;
			hasScannedForEncodings = 0;
			knownRegions = (
				en,
				Base,
			);
			mainGroup = 04523D842B95DD3400C5D0C9;
			packageReferences = (
				04523DC62B95E53300C5D0C9 /* XCRemoteSwiftPackageReference "SnapKit" */,
				04523DE12B9655B600C5D0C9 /* XCRemoteSwiftPackageReference "Kingfisher" */,
			);
			productRefGroup = 04523D8E2B95DD3400C5D0C9 /* Products */;
			projectDirPath = "";
			projectRoot = "";
			targets = (
				04523D8C2B95DD3400C5D0C9 /* AmaniCaseApp */,
				04523DA22B95DD3700C5D0C9 /* AmaniCaseAppTests */,
				04523DAC2B95DD3700C5D0C9 /* AmaniCaseAppUITests */,
			);
		};
/* End PBXProject section */

/* Begin PBXResourcesBuildPhase section */
		04523D8B2B95DD3400C5D0C9 /* Resources */ = {
			isa = PBXResourcesBuildPhase;
			buildActionMask = 2147483647;
			files = (
				04523D9D2B95DD3600C5D0C9 /* LaunchScreen.storyboard in Resources */,
				04523D9A2B95DD3600C5D0C9 /* Assets.xcassets in Resources */,
			);
			runOnlyForDeploymentPostprocessing = 0;
		};
		04523DA12B95DD3700C5D0C9 /* Resources */ = {
			isa = PBXResourcesBuildPhase;
			buildActionMask = 2147483647;
			files = (
			);
			runOnlyForDeploymentPostprocessing = 0;
		};
		04523DAB2B95DD3700C5D0C9 /* Resources */ = {
			isa = PBXResourcesBuildPhase;
			buildActionMask = 2147483647;
			files = (
			);
			runOnlyForDeploymentPostprocessing = 0;
		};
/* End PBXResourcesBuildPhase section */

/* Begin PBXSourcesBuildPhase section */
		04523D892B95DD3400C5D0C9 /* Sources */ = {
			isa = PBXSourcesBuildPhase;
			buildActionMask = 2147483647;
			files = (
				04523DDB2B95F39E00C5D0C9 /* RequestUserContent.swift in Sources */,
				04523DE02B96018700C5D0C9 /* DetailPageVC.swift in Sources */,
				04523DCF2B95E9D900C5D0C9 /* NetworkManager.swift in Sources */,
				04523DD12B95E9E000C5D0C9 /* Helper.swift in Sources */,
				04523D952B95DD3400C5D0C9 /* MainPageVC.swift in Sources */,
				04523DCD2B95E63400C5D0C9 /* CustomTableViewCell.swift in Sources */,
				04523DC12B95E09F00C5D0C9 /* ListPageVC.swift in Sources */,
				04523D912B95DD3400C5D0C9 /* AppDelegate.swift in Sources */,
				04523DD82B95F35000C5D0C9 /* MainPageVM.swift in Sources */,
				04523DDD2B95FFFB00C5D0C9 /* StringConstants.swift in Sources */,
				04523DE52B97042600C5D0C9 /* DetailPageVM.swift in Sources */,
				04523DD42B95F23700C5D0C9 /* UserContent.swift in Sources */,
				04523DD62B95F33A00C5D0C9 /* ListPageVM.swift in Sources */,
				04523D932B95DD3400C5D0C9 /* SceneDelegate.swift in Sources */,
			);
			runOnlyForDeploymentPostprocessing = 0;
		};
		04523D9F2B95DD3700C5D0C9 /* Sources */ = {
			isa = PBXSourcesBuildPhase;
			buildActionMask = 2147483647;
			files = (
				04523E1D2B9862E500C5D0C9 /* MockURLSession.swift in Sources */,
				04523DE72B97A63B00C5D0C9 /* EndPointTest.swift in Sources */,
				04523DFE2B97B5D100C5D0C9 /* MainPageVMTest.swift in Sources */,
				04523E1F2B98632500C5D0C9 /* NetworkManager.swift in Sources */,
				04523E062B97C6C000C5D0C9 /* DetailPageVMTest.swift in Sources */,
				04523E022B97BFCA00C5D0C9 /* UserRequestContent.swift in Sources */,
				04523E192B985F2600C5D0C9 /* MockNetworkManager.swift in Sources */,
				04523E042B97BFFC00C5D0C9 /* ListPageVMTest.swift in Sources */,
				04523E122B98567900C5D0C9 /* MockListPageVM.swift in Sources */,
				04523E172B985D8200C5D0C9 /* MockTableViewDataSource.swift in Sources */,
				04523E0B2B98479E00C5D0C9 /* MockMainPageVM.swift in Sources */,
				04523E152B985D0D00C5D0C9 /* CustomTableViewCellTest.swift in Sources */,
				04523E092B97CBA300C5D0C9 /* MainPageViewControllerTest.swift in Sources */,
			);
			runOnlyForDeploymentPostprocessing = 0;
		};
		04523DA92B95DD3700C5D0C9 /* Sources */ = {
			isa = PBXSourcesBuildPhase;
			buildActionMask = 2147483647;
			files = (
				04523DB22B95DD3700C5D0C9 /* AmaniCaseAppUITests.swift in Sources */,
				04523DB42B95DD3700C5D0C9 /* AmaniCaseAppUITestsLaunchTests.swift in Sources */,
			);
			runOnlyForDeploymentPostprocessing = 0;
		};
/* End PBXSourcesBuildPhase section */

/* Begin PBXTargetDependency section */
		04523DA52B95DD3700C5D0C9 /* PBXTargetDependency */ = {
			isa = PBXTargetDependency;
			target = 04523D8C2B95DD3400C5D0C9 /* AmaniCaseApp */;
			targetProxy = 04523DA42B95DD3700C5D0C9 /* PBXContainerItemProxy */;
		};
		04523DAF2B95DD3700C5D0C9 /* PBXTargetDependency */ = {
			isa = PBXTargetDependency;
			target = 04523D8C2B95DD3400C5D0C9 /* AmaniCaseApp */;
			targetProxy = 04523DAE2B95DD3700C5D0C9 /* PBXContainerItemProxy */;
		};
/* End PBXTargetDependency section */

/* Begin PBXVariantGroup section */
		04523D9B2B95DD3600C5D0C9 /* LaunchScreen.storyboard */ = {
			isa = PBXVariantGroup;
			children = (
				04523D9C2B95DD3600C5D0C9 /* Base */,
			);
			name = LaunchScreen.storyboard;
			sourceTree = "<group>";
		};
/* End PBXVariantGroup section */

/* Begin XCBuildConfiguration section */
		04523DB52B95DD3700C5D0C9 /* Debug */ = {
			isa = XCBuildConfiguration;
			buildSettings = {
				ALWAYS_SEARCH_USER_PATHS = NO;
				ASSETCATALOG_COMPILER_GENERATE_SWIFT_ASSET_SYMBOL_EXTENSIONS = YES;
				CLANG_ANALYZER_NONNULL = YES;
				CLANG_ANALYZER_NUMBER_OBJECT_CONVERSION = YES_AGGRESSIVE;
				CLANG_CXX_LANGUAGE_STANDARD = "gnu++20";
				CLANG_ENABLE_MODULES = YES;
				CLANG_ENABLE_OBJC_ARC = YES;
				CLANG_ENABLE_OBJC_WEAK = YES;
				CLANG_WARN_BLOCK_CAPTURE_AUTORELEASING = YES;
				CLANG_WARN_BOOL_CONVERSION = YES;
				CLANG_WARN_COMMA = YES;
				CLANG_WARN_CONSTANT_CONVERSION = YES;
				CLANG_WARN_DEPRECATED_OBJC_IMPLEMENTATIONS = YES;
				CLANG_WARN_DIRECT_OBJC_ISA_USAGE = YES_ERROR;
				CLANG_WARN_DOCUMENTATION_COMMENTS = YES;
				CLANG_WARN_EMPTY_BODY = YES;
				CLANG_WARN_ENUM_CONVERSION = YES;
				CLANG_WARN_INFINITE_RECURSION = YES;
				CLANG_WARN_INT_CONVERSION = YES;
				CLANG_WARN_NON_LITERAL_NULL_CONVERSION = YES;
				CLANG_WARN_OBJC_IMPLICIT_RETAIN_SELF = YES;
				CLANG_WARN_OBJC_LITERAL_CONVERSION = YES;
				CLANG_WARN_OBJC_ROOT_CLASS = YES_ERROR;
				CLANG_WARN_QUOTED_INCLUDE_IN_FRAMEWORK_HEADER = YES;
				CLANG_WARN_RANGE_LOOP_ANALYSIS = YES;
				CLANG_WARN_STRICT_PROTOTYPES = YES;
				CLANG_WARN_SUSPICIOUS_MOVE = YES;
				CLANG_WARN_UNGUARDED_AVAILABILITY = YES_AGGRESSIVE;
				CLANG_WARN_UNREACHABLE_CODE = YES;
				CLANG_WARN__DUPLICATE_METHOD_MATCH = YES;
				COPY_PHASE_STRIP = NO;
				DEBUG_INFORMATION_FORMAT = dwarf;
				ENABLE_STRICT_OBJC_MSGSEND = YES;
				ENABLE_TESTABILITY = YES;
				ENABLE_USER_SCRIPT_SANDBOXING = YES;
				GCC_C_LANGUAGE_STANDARD = gnu17;
				GCC_DYNAMIC_NO_PIC = NO;
				GCC_NO_COMMON_BLOCKS = YES;
				GCC_OPTIMIZATION_LEVEL = 0;
				GCC_PREPROCESSOR_DEFINITIONS = (
					"DEBUG=1",
					"$(inherited)",
				);
				GCC_WARN_64_TO_32_BIT_CONVERSION = YES;
				GCC_WARN_ABOUT_RETURN_TYPE = YES_ERROR;
				GCC_WARN_UNDECLARED_SELECTOR = YES;
				GCC_WARN_UNINITIALIZED_AUTOS = YES_AGGRESSIVE;
				GCC_WARN_UNUSED_FUNCTION = YES;
				GCC_WARN_UNUSED_VARIABLE = YES;
				IPHONEOS_DEPLOYMENT_TARGET = 17.2;
				LOCALIZATION_PREFERS_STRING_CATALOGS = YES;
				MTL_ENABLE_DEBUG_INFO = INCLUDE_SOURCE;
				MTL_FAST_MATH = YES;
				ONLY_ACTIVE_ARCH = YES;
				SDKROOT = iphoneos;
				SWIFT_ACTIVE_COMPILATION_CONDITIONS = "DEBUG $(inherited)";
				SWIFT_OPTIMIZATION_LEVEL = "-Onone";
			};
			name = Debug;
		};
		04523DB62B95DD3700C5D0C9 /* Release */ = {
			isa = XCBuildConfiguration;
			buildSettings = {
				ALWAYS_SEARCH_USER_PATHS = NO;
				ASSETCATALOG_COMPILER_GENERATE_SWIFT_ASSET_SYMBOL_EXTENSIONS = YES;
				CLANG_ANALYZER_NONNULL = YES;
				CLANG_ANALYZER_NUMBER_OBJECT_CONVERSION = YES_AGGRESSIVE;
				CLANG_CXX_LANGUAGE_STANDARD = "gnu++20";
				CLANG_ENABLE_MODULES = YES;
				CLANG_ENABLE_OBJC_ARC = YES;
				CLANG_ENABLE_OBJC_WEAK = YES;
				CLANG_WARN_BLOCK_CAPTURE_AUTORELEASING = YES;
				CLANG_WARN_BOOL_CONVERSION = YES;
				CLANG_WARN_COMMA = YES;
				CLANG_WARN_CONSTANT_CONVERSION = YES;
				CLANG_WARN_DEPRECATED_OBJC_IMPLEMENTATIONS = YES;
				CLANG_WARN_DIRECT_OBJC_ISA_USAGE = YES_ERROR;
				CLANG_WARN_DOCUMENTATION_COMMENTS = YES;
				CLANG_WARN_EMPTY_BODY = YES;
				CLANG_WARN_ENUM_CONVERSION = YES;
				CLANG_WARN_INFINITE_RECURSION = YES;
				CLANG_WARN_INT_CONVERSION = YES;
				CLANG_WARN_NON_LITERAL_NULL_CONVERSION = YES;
				CLANG_WARN_OBJC_IMPLICIT_RETAIN_SELF = YES;
				CLANG_WARN_OBJC_LITERAL_CONVERSION = YES;
				CLANG_WARN_OBJC_ROOT_CLASS = YES_ERROR;
				CLANG_WARN_QUOTED_INCLUDE_IN_FRAMEWORK_HEADER = YES;
				CLANG_WARN_RANGE_LOOP_ANALYSIS = YES;
				CLANG_WARN_STRICT_PROTOTYPES = YES;
				CLANG_WARN_SUSPICIOUS_MOVE = YES;
				CLANG_WARN_UNGUARDED_AVAILABILITY = YES_AGGRESSIVE;
				CLANG_WARN_UNREACHABLE_CODE = YES;
				CLANG_WARN__DUPLICATE_METHOD_MATCH = YES;
				COPY_PHASE_STRIP = NO;
				DEBUG_INFORMATION_FORMAT = "dwarf-with-dsym";
				ENABLE_NS_ASSERTIONS = NO;
				ENABLE_STRICT_OBJC_MSGSEND = YES;
				ENABLE_USER_SCRIPT_SANDBOXING = YES;
				GCC_C_LANGUAGE_STANDARD = gnu17;
				GCC_NO_COMMON_BLOCKS = YES;
				GCC_WARN_64_TO_32_BIT_CONVERSION = YES;
				GCC_WARN_ABOUT_RETURN_TYPE = YES_ERROR;
				GCC_WARN_UNDECLARED_SELECTOR = YES;
				GCC_WARN_UNINITIALIZED_AUTOS = YES_AGGRESSIVE;
				GCC_WARN_UNUSED_FUNCTION = YES;
				GCC_WARN_UNUSED_VARIABLE = YES;
				IPHONEOS_DEPLOYMENT_TARGET = 17.2;
				LOCALIZATION_PREFERS_STRING_CATALOGS = YES;
				MTL_ENABLE_DEBUG_INFO = NO;
				MTL_FAST_MATH = YES;
				SDKROOT = iphoneos;
				SWIFT_COMPILATION_MODE = wholemodule;
				VALIDATE_PRODUCT = YES;
			};
			name = Release;
		};
		04523DB82B95DD3700C5D0C9 /* Debug */ = {
			isa = XCBuildConfiguration;
			buildSettings = {
				ASSETCATALOG_COMPILER_APPICON_NAME = AppIcon;
				ASSETCATALOG_COMPILER_GLOBAL_ACCENT_COLOR_NAME = AccentColor;
				CODE_SIGN_STYLE = Automatic;
				CURRENT_PROJECT_VERSION = 1;
				DEVELOPMENT_TEAM = PM64LP239P;
				GENERATE_INFOPLIST_FILE = YES;
				INFOPLIST_FILE = AmaniCaseApp/Info.plist;
				INFOPLIST_KEY_UIApplicationSupportsIndirectInputEvents = YES;
				INFOPLIST_KEY_UILaunchStoryboardName = LaunchScreen;
				INFOPLIST_KEY_UISupportedInterfaceOrientations = UIInterfaceOrientationPortrait;
				INFOPLIST_KEY_UISupportedInterfaceOrientations_iPad = "UIInterfaceOrientationLandscapeLeft UIInterfaceOrientationLandscapeRight UIInterfaceOrientationPortrait UIInterfaceOrientationPortraitUpsideDown";
				LD_RUNPATH_SEARCH_PATHS = (
					"$(inherited)",
					"@executable_path/Frameworks",
				);
				MARKETING_VERSION = 1.0;
				PRODUCT_BUNDLE_IDENTIFIER = com.furkanvural.AmaniCaseApp;
				PRODUCT_NAME = "$(TARGET_NAME)";
				SUPPORTED_PLATFORMS = "iphoneos iphonesimulator";
				SUPPORTS_MACCATALYST = NO;
				SUPPORTS_MAC_DESIGNED_FOR_IPHONE_IPAD = NO;
				SWIFT_EMIT_LOC_STRINGS = YES;
				SWIFT_VERSION = 5.0;
				TARGETED_DEVICE_FAMILY = 1;
			};
			name = Debug;
		};
		04523DB92B95DD3700C5D0C9 /* Release */ = {
			isa = XCBuildConfiguration;
			buildSettings = {
				ASSETCATALOG_COMPILER_APPICON_NAME = AppIcon;
				ASSETCATALOG_COMPILER_GLOBAL_ACCENT_COLOR_NAME = AccentColor;
				CODE_SIGN_STYLE = Automatic;
				CURRENT_PROJECT_VERSION = 1;
				DEVELOPMENT_TEAM = PM64LP239P;
				GENERATE_INFOPLIST_FILE = YES;
				INFOPLIST_FILE = AmaniCaseApp/Info.plist;
				INFOPLIST_KEY_UIApplicationSupportsIndirectInputEvents = YES;
				INFOPLIST_KEY_UILaunchStoryboardName = LaunchScreen;
				INFOPLIST_KEY_UISupportedInterfaceOrientations = UIInterfaceOrientationPortrait;
				INFOPLIST_KEY_UISupportedInterfaceOrientations_iPad = "UIInterfaceOrientationLandscapeLeft UIInterfaceOrientationLandscapeRight UIInterfaceOrientationPortrait UIInterfaceOrientationPortraitUpsideDown";
				LD_RUNPATH_SEARCH_PATHS = (
					"$(inherited)",
					"@executable_path/Frameworks",
				);
				MARKETING_VERSION = 1.0;
				PRODUCT_BUNDLE_IDENTIFIER = com.furkanvural.AmaniCaseApp;
				PRODUCT_NAME = "$(TARGET_NAME)";
				SUPPORTED_PLATFORMS = "iphoneos iphonesimulator";
				SUPPORTS_MACCATALYST = NO;
				SUPPORTS_MAC_DESIGNED_FOR_IPHONE_IPAD = NO;
				SWIFT_EMIT_LOC_STRINGS = YES;
				SWIFT_VERSION = 5.0;
				TARGETED_DEVICE_FAMILY = 1;
			};
			name = Release;
		};
		04523DBB2B95DD3700C5D0C9 /* Debug */ = {
			isa = XCBuildConfiguration;
			buildSettings = {
				ALWAYS_EMBED_SWIFT_STANDARD_LIBRARIES = YES;
				BUNDLE_LOADER = "$(TEST_HOST)";
				CODE_SIGN_STYLE = Automatic;
				CURRENT_PROJECT_VERSION = 1;
				DEVELOPMENT_TEAM = PM64LP239P;
				GENERATE_INFOPLIST_FILE = YES;
				IPHONEOS_DEPLOYMENT_TARGET = 17.2;
				MARKETING_VERSION = 1.0;
				PRODUCT_BUNDLE_IDENTIFIER = com.furkanvural.AmaniCaseAppTests;
				PRODUCT_NAME = "$(TARGET_NAME)";
				SWIFT_EMIT_LOC_STRINGS = NO;
				SWIFT_VERSION = 5.0;
				TARGETED_DEVICE_FAMILY = "1,2";
				TEST_HOST = "$(BUILT_PRODUCTS_DIR)/AmaniCaseApp.app/$(BUNDLE_EXECUTABLE_FOLDER_PATH)/AmaniCaseApp";
			};
			name = Debug;
		};
		04523DBC2B95DD3700C5D0C9 /* Release */ = {
			isa = XCBuildConfiguration;
			buildSettings = {
				ALWAYS_EMBED_SWIFT_STANDARD_LIBRARIES = YES;
				BUNDLE_LOADER = "$(TEST_HOST)";
				CODE_SIGN_STYLE = Automatic;
				CURRENT_PROJECT_VERSION = 1;
				DEVELOPMENT_TEAM = PM64LP239P;
				GENERATE_INFOPLIST_FILE = YES;
				IPHONEOS_DEPLOYMENT_TARGET = 17.2;
				MARKETING_VERSION = 1.0;
				PRODUCT_BUNDLE_IDENTIFIER = com.furkanvural.AmaniCaseAppTests;
				PRODUCT_NAME = "$(TARGET_NAME)";
				SWIFT_EMIT_LOC_STRINGS = NO;
				SWIFT_VERSION = 5.0;
				TARGETED_DEVICE_FAMILY = "1,2";
				TEST_HOST = "$(BUILT_PRODUCTS_DIR)/AmaniCaseApp.app/$(BUNDLE_EXECUTABLE_FOLDER_PATH)/AmaniCaseApp";
			};
			name = Release;
		};
		04523DBE2B95DD3700C5D0C9 /* Debug */ = {
			isa = XCBuildConfiguration;
			buildSettings = {
				ALWAYS_EMBED_SWIFT_STANDARD_LIBRARIES = YES;
				CODE_SIGN_STYLE = Automatic;
				CURRENT_PROJECT_VERSION = 1;
				DEVELOPMENT_TEAM = PM64LP239P;
				GENERATE_INFOPLIST_FILE = YES;
				MARKETING_VERSION = 1.0;
				PRODUCT_BUNDLE_IDENTIFIER = com.furkanvural.AmaniCaseAppUITests;
				PRODUCT_NAME = "$(TARGET_NAME)";
				SWIFT_EMIT_LOC_STRINGS = NO;
				SWIFT_VERSION = 5.0;
				TARGETED_DEVICE_FAMILY = "1,2";
				TEST_TARGET_NAME = AmaniCaseApp;
			};
			name = Debug;
		};
		04523DBF2B95DD3700C5D0C9 /* Release */ = {
			isa = XCBuildConfiguration;
			buildSettings = {
				ALWAYS_EMBED_SWIFT_STANDARD_LIBRARIES = YES;
				CODE_SIGN_STYLE = Automatic;
				CURRENT_PROJECT_VERSION = 1;
				DEVELOPMENT_TEAM = PM64LP239P;
				GENERATE_INFOPLIST_FILE = YES;
				MARKETING_VERSION = 1.0;
				PRODUCT_BUNDLE_IDENTIFIER = com.furkanvural.AmaniCaseAppUITests;
				PRODUCT_NAME = "$(TARGET_NAME)";
				SWIFT_EMIT_LOC_STRINGS = NO;
				SWIFT_VERSION = 5.0;
				TARGETED_DEVICE_FAMILY = "1,2";
				TEST_TARGET_NAME = AmaniCaseApp;
			};
			name = Release;
		};
/* End XCBuildConfiguration section */

/* Begin XCConfigurationList section */
		04523D882B95DD3400C5D0C9 /* Build configuration list for PBXProject "AmaniCaseApp" */ = {
			isa = XCConfigurationList;
			buildConfigurations = (
				04523DB52B95DD3700C5D0C9 /* Debug */,
				04523DB62B95DD3700C5D0C9 /* Release */,
			);
			defaultConfigurationIsVisible = 0;
			defaultConfigurationName = Release;
		};
		04523DB72B95DD3700C5D0C9 /* Build configuration list for PBXNativeTarget "AmaniCaseApp" */ = {
			isa = XCConfigurationList;
			buildConfigurations = (
				04523DB82B95DD3700C5D0C9 /* Debug */,
				04523DB92B95DD3700C5D0C9 /* Release */,
			);
			defaultConfigurationIsVisible = 0;
			defaultConfigurationName = Release;
		};
		04523DBA2B95DD3700C5D0C9 /* Build configuration list for PBXNativeTarget "AmaniCaseAppTests" */ = {
			isa = XCConfigurationList;
			buildConfigurations = (
				04523DBB2B95DD3700C5D0C9 /* Debug */,
				04523DBC2B95DD3700C5D0C9 /* Release */,
			);
			defaultConfigurationIsVisible = 0;
			defaultConfigurationName = Release;
		};
		04523DBD2B95DD3700C5D0C9 /* Build configuration list for PBXNativeTarget "AmaniCaseAppUITests" */ = {
			isa = XCConfigurationList;
			buildConfigurations = (
				04523DBE2B95DD3700C5D0C9 /* Debug */,
				04523DBF2B95DD3700C5D0C9 /* Release */,
			);
			defaultConfigurationIsVisible = 0;
			defaultConfigurationName = Release;
		};
/* End XCConfigurationList section */

/* Begin XCRemoteSwiftPackageReference section */
		04523DC62B95E53300C5D0C9 /* XCRemoteSwiftPackageReference "SnapKit" */ = {
			isa = XCRemoteSwiftPackageReference;
			repositoryURL = "https://github.com/SnapKit/SnapKit.git";
			requirement = {
				kind = upToNextMajorVersion;
				minimumVersion = 5.7.1;
			};
		};
		04523DE12B9655B600C5D0C9 /* XCRemoteSwiftPackageReference "Kingfisher" */ = {
			isa = XCRemoteSwiftPackageReference;
			repositoryURL = "https://github.com/onevcat/Kingfisher.git";
			requirement = {
				kind = upToNextMajorVersion;
				minimumVersion = 7.11.0;
			};
		};
/* End XCRemoteSwiftPackageReference section */

/* Begin XCSwiftPackageProductDependency section */
		04523DC72B95E53300C5D0C9 /* SnapKit */ = {
			isa = XCSwiftPackageProductDependency;
			package = 04523DC62B95E53300C5D0C9 /* XCRemoteSwiftPackageReference "SnapKit" */;
			productName = SnapKit;
		};
		04523DE22B9655B600C5D0C9 /* Kingfisher */ = {
			isa = XCSwiftPackageProductDependency;
			package = 04523DE12B9655B600C5D0C9 /* XCRemoteSwiftPackageReference "Kingfisher" */;
			productName = Kingfisher;
		};
/* End XCSwiftPackageProductDependency section */
	};
	rootObject = 04523D852B95DD3400C5D0C9 /* Project object */;
}
